// !$*UTF8*$!
{
	archiveVersion = 1;
	classes = {
	};
	objectVersion = 46;
	objects = {

/* Begin PBXBuildFile section */
		8D7E4F531D34D6AC008E3018 /* AppDelegate.swift in Sources */ = {isa = PBXBuildFile; fileRef = 8D7E4F521D34D6AC008E3018 /* AppDelegate.swift */; };
		8D7E4F551D34D6AC008E3018 /* ViewController.swift in Sources */ = {isa = PBXBuildFile; fileRef = 8D7E4F541D34D6AC008E3018 /* ViewController.swift */; };
		8D7E4F581D34D6AC008E3018 /* Main.storyboard in Resources */ = {isa = PBXBuildFile; fileRef = 8D7E4F561D34D6AC008E3018 /* Main.storyboard */; };
		8D7E4F5A1D34D6AC008E3018 /* Assets.xcassets in Resources */ = {isa = PBXBuildFile; fileRef = 8D7E4F591D34D6AC008E3018 /* Assets.xcassets */; };
		8D7E4F5D1D34D6AC008E3018 /* LaunchScreen.storyboard in Resources */ = {isa = PBXBuildFile; fileRef = 8D7E4F5B1D34D6AC008E3018 /* LaunchScreen.storyboard */; };
/* End PBXBuildFile section */

/* Begin PBXFileReference section */
		8D7E4F4F1D34D6AC008E3018 /* StopWatch.app */ = {isa = PBXFileReference; explicitFileType = wrapper.application; includeInIndex = 0; path = StopWatch.app; sourceTree = BUILT_PRODUCTS_DIR; };
		8D7E4F521D34D6AC008E3018 /* AppDelegate.swift */ = {isa = PBXFileReference; lastKnownFileType = sourcecode.swift; path = AppDelegate.swift; sourceTree = "<group>"; };
		8D7E4F541D34D6AC008E3018 /* ViewController.swift */ = {isa = PBXFileReference; lastKnownFileType = sourcecode.swift; path = ViewController.swift; sourceTree = "<group>"; };
		8D7E4F571D34D6AC008E3018 /* Base */ = {isa = PBXFileReference; lastKnownFileType = file.storyboard; name = Base; path = Base.lproj/Main.storyboard; sourceTree = "<group>"; };
		8D7E4F591D34D6AC008E3018 /* Assets.xcassets */ = {isa = PBXFileReference; lastKnownFileType = folder.assetcatalog; path = Assets.xcassets; sourceTree = "<group>"; };
		8D7E4F5C1D34D6AC008E3018 /* Base */ = {isa = PBXFileReference; lastKnownFileType = file.storyboard; name = Base; path = Base.lproj/LaunchScreen.storyboard; sourceTree = "<group>"; };
		8D7E4F5E1D34D6AC008E3018 /* Info.plist */ = {isa = PBXFileReference; lastKnownFileType = text.plist.xml; path = Info.plist; sourceTree = "<group>"; };
/* End PBXFileReference section */

/* Begin PBXFrameworksBuildPhase section */
		8D7E4F4C1D34D6AC008E3018 /* Frameworks */ = {
			isa = PBXFrameworksBuildPhase;
			buildActionMask = 2147483647;
			files = (
			);
			runOnlyForDeploymentPostprocessing = 0;
		};
/* End PBXFrameworksBuildPhase section */

/* Begin PBXGroup section */
		8D7E4F461D34D6AC008E3018 = {
			isa = PBXGroup;
			children = (
				8D7E4F511D34D6AC008E3018 /* StopWatch */,
				8D7E4F501D34D6AC008E3018 /* Products */,
			);
			sourceTree = "<group>";
		};
		8D7E4F501D34D6AC008E3018 /* Products */ = {
			isa = PBXGroup;
			children = (
				8D7E4F4F1D34D6AC008E3018 /* StopWatch.app */,
			);
			name = Products;
			sourceTree = "<group>";
		};
		8D7E4F511D34D6AC008E3018 /* StopWatch */ = {
			isa = PBXGroup;
			children = (
				8D7E4F521D34D6AC008E3018 /* AppDelegate.swift */,
				8D7E4F541D34D6AC008E3018 /* ViewController.swift */,
				8D7E4F561D34D6AC008E3018 /* Main.storyboard */,
				8D7E4F591D34D6AC008E3018 /* Assets.xcassets */,
				8D7E4F5B1D34D6AC008E3018 /* LaunchScreen.storyboard */,
				8D7E4F5E1D34D6AC008E3018 /* Info.plist */,
			);
			path = StopWatch;
			sourceTree = "<group>";
		};
/* End PBXGroup section */

/* Begin PBXNativeTarget section */
		8D7E4F4E1D34D6AC008E3018 /* StopWatch */ = {
			isa = PBXNativeTarget;
			buildConfigurationList = 8D7E4F611D34D6AC008E3018 /* Build configuration list for PBXNativeTarget "StopWatch" */;
			buildPhases = (
				8D7E4F4B1D34D6AC008E3018 /* Sources */,
				8D7E4F4C1D34D6AC008E3018 /* Frameworks */,
				8D7E4F4D1D34D6AC008E3018 /* Resources */,
			);
			buildRules = (
			);
			dependencies = (
			);
			name = StopWatch;
			productName = StopWatch;
			productReference = 8D7E4F4F1D34D6AC008E3018 /* StopWatch.app */;
			productType = "com.apple.product-type.application";
		};
/* End PBXNativeTarget section */

/* Begin PBXProject section */
		8D7E4F471D34D6AC008E3018 /* Project object */ = {
			isa = PBXProject;
			attributes = {
				LastSwiftUpdateCheck = 0730;
				LastUpgradeCheck = 0730;
				ORGANIZATIONNAME = kelvinfok;
				TargetAttributes = {
					8D7E4F4E1D34D6AC008E3018 = {
						CreatedOnToolsVersion = 7.3.1;
					};
				};
			};
			buildConfigurationList = 8D7E4F4A1D34D6AC008E3018 /* Build configuration list for PBXProject "StopWatch" */;
			compatibilityVersion = "Xcode 3.2";
			developmentRegion = English;
			hasScannedForEncodings = 0;
			knownRegions = (
				en,
				Base,
			);
			mainGroup = 8D7E4F461D34D6AC008E3018;
			productRefGroup = 8D7E4F501D34D6AC008E3018 /* Products */;
			projectDirPath = "";
			projectRoot = "";
			targets = (
				8D7E4F4E1D34D6AC008E3018 /* StopWatch */,
			);
		};
/* End PBXProject section */

/* Begin PBXResourcesBuildPhase section */
		8D7E4F4D1D34D6AC008E3018 /* Resources */ = {
			isa = PBXResourcesBuildPhase;
			buildActionMask = 2147483647;
			files = (
				8D7E4F5D1D34D6AC008E3018 /* LaunchScreen.storyboard in Resources */,
				8D7E4F5A1D34D6AC008E3018 /* Assets.xcassets in Resources */,
				8D7E4F581D34D6AC008E3018 /* Main.storyboard in Resources */,
			);
			runOnlyForDeploymentPostprocessing = 0;
		};
/* End PBXResourcesBuildPhase section */

/* Begin PBXSourcesBuildPhase section */
		8D7E4F4B1D34D6AC008E3018 /* Sources */ = {
			isa = PBXSourcesBuildPhase;
			buildActionMask = 2147483647;
			files = (
				8D7E4F551D34D6AC008E3018 /* ViewController.swift in Sources */,
				8D7E4F531D34D6AC008E3018 /* AppDelegate.swift in Sources */,
			);
			runOnlyForDeploymentPostprocessing = 0;
		};
/* End PBXSourcesBuildPhase section */

/* Begin PBXVariantGroup section */
		8D7E4F561D34D6AC008E3018 /* Main.storyboard */ = {
			isa = PBXVariantGroup;
			children = (
				8D7E4F571D34D6AC008E3018 /* Base */,
			);
			name = Main.storyboard;
			sourceTree = "<group>";
		};
		8D7E4F5B1D34D6AC008E3018 /* LaunchScreen.storyboard */ = {
			isa = PBXVariantGroup;
			children = (
				8D7E4F5C1D34D6AC008E3018 /* Base */,
			);
			name = LaunchScreen.storyboard;
			sourceTree = "<group>";
		};
/* End PBXVariantGroup section */

/* Begin XCBuildConfiguration section */
		8D7E4F5F1D34D6AC008E3018 /* Debug */ = {
			isa = XCBuildConfiguration;
			buildSettings = {
				ALWAYS_SEARCH_USER_PATHS = NO;
				CLANG_ANALYZER_NONNULL = YES;
				CLANG_CXX_LANGUAGE_STANDARD = "gnu++0x";
				CLANG_CXX_LIBRARY = "libc++";
				CLANG_ENABLE_MODULES = YES;
				CLANG_ENABLE_OBJC_ARC = YES;
				CLANG_WARN_BOOL_CONVERSION = YES;
				CLANG_WARN_CONSTANT_CONVERSION = YES;
				CLANG_WARN_DIRECT_OBJC_ISA_USAGE = YES_ERROR;
				CLANG_WARN_EMPTY_BODY = YES;
				CLANG_WARN_ENUM_CONVERSION = YES;
				CLANG_WARN_INT_CONVERSION = YES;
				CLANG_WARN_OBJC_ROOT_CLASS = YES_ERROR;
				CLANG_WARN_UNREACHABLE_CODE = YES;
				CLANG_WARN__DUPLICATE_METHOD_MATCH = YES;
				"CODE_SIGN_IDENTITY[sdk=iphoneos*]" = "iPhone Developer";
				COPY_PHASE_STRIP = NO;
				DEBUG_INFORMATION_FORMAT = dwarf;
				ENABLE_STRICT_OBJC_MSGSEND = YES;
				ENABLE_TESTABILITY = YES;
				GCC_C_LANGUAGE_STANDARD = gnu99;
				GCC_DYNAMIC_NO_PIC = NO;
				GCC_NO_COMMON_BLOCKS = YES;
				GCC_OPTIMIZATION_LEVEL = 0;
				GCC_PREPROCESSOR_DEFINITIONS = (
					"DEBUG=1",
					"$(inherited)",
				);
				GCC_WARN_64_TO_32_BIT_CONVERSION = YES;
				GCC_WARN_ABOUT_RETURN_TYPE = YES_ERROR;
				GCC_WARN_UNDECLARED_SELECTOR = YES;
				GCC_WARN_UNINITIALIZED_AUTOS = YES_AGGRESSIVE;
				GCC_WARN_UNUSED_FUNCTION = YES;
				GCC_WARN_UNUSED_VARIABLE = YES;
				IPHONEOS_DEPLOYMENT_TARGET = 9.3;
				MTL_ENABLE_DEBUG_INFO = YES;
				ONLY_ACTIVE_ARCH = YES;
				SDKROOT = iphoneos;
				SWIFT_OPTIMIZATION_LEVEL = "-Onone";
			};
			name = Debug;
		};
		8D7E4F601D34D6AC008E3018 /* Release */ = {
			isa = XCBuildConfiguration;
			buildSettings = {
				ALWAYS_SEARCH_USER_PATHS = NO;
				CLANG_ANALYZER_NONNULL = YES;
				CLANG_CXX_LANGUAGE_STANDARD = "gnu++0x";
				CLANG_CXX_LIBRARY = "libc++";
				CLANG_ENABLE_MODULES = YES;
				CLANG_ENABLE_OBJC_ARC = YES;
				CLANG_WARN_BOOL_CONVERSION = YES;
				CLANG_WARN_CONSTANT_CONVERSION = YES;
				CLANG_WARN_DIRECT_OBJC_ISA_USAGE = YES_ERROR;
				CLANG_WARN_EMPTY_BODY = YES;
				CLANG_WARN_ENUM_CONVERSION = YES;
				CLANG_WARN_INT_CONVERSION = YES;
				CLANG_WARN_OBJC_ROOT_CLASS = YES_ERROR;
				CLANG_WARN_UNREACHABLE_CODE = YES;
				CLANG_WARN__DUPLICATE_METHOD_MATCH = YES;
				"CODE_SIGN_IDENTITY[sdk=iphoneos*]" = "iPhone Developer";
				COPY_PHASE_STRIP = NO;
				DEBUG_INFORMATION_FORMAT = "dwarf-with-dsym";
				ENABLE_NS_ASSERTIONS = NO;
				ENABLE_STRICT_OBJC_MSGSEND = YES;
				GCC_C_LANGUAGE_STANDARD = gnu99;
				GCC_NO_COMMON_BLOCKS = YES;
				GCC_WARN_64_TO_32_BIT_CONVERSION = YES;
				GCC_WARN_ABOUT_RETURN_TYPE = YES_ERROR;
				GCC_WARN_UNDECLARED_SELECTOR = YES;
				GCC_WARN_UNINITIALIZED_AUTOS = YES_AGGRESSIVE;
				GCC_WARN_UNUSED_FUNCTION = YES;
				GCC_WARN_UNUSED_VARIABLE = YES;
				IPHONEOS_DEPLOYMENT_TARGET = 9.3;
				MTL_ENABLE_DEBUG_INFO = NO;
				SDKROOT = iphoneos;
				VALIDATE_PRODUCT = YES;
			};
			name = Release;
		};
		8D7E4F621D34D6AC008E3018 /* Debug */ = {
			isa = XCBuildConfiguration;
			buildSettings = {
				ASSETCATALOG_COMPILER_APPICON_NAME = AppIcon;
				INFOPLIST_FILE = StopWatch/Info.plist;
				LD_RUNPATH_SEARCH_PATHS = "$(inherited) @executable_path/Frameworks";
				PRODUCT_BUNDLE_IDENTIFIER = kelvinfok.StopWatch;
				PRODUCT_NAME = "$(TARGET_NAME)";
			};
			name = Debug;
		};
		8D7E4F631D34D6AC008E3018 /* Release */ = {
			isa = XCBuildConfiguration;
			buildSettings = {
				ASSETCATALOG_COMPILER_APPICON_NAME = AppIcon;
				INFOPLIST_FILE = StopWatch/Info.plist;
				LD_RUNPATH_SEARCH_PATHS = "$(inherited) @executable_path/Frameworks";
				PRODUCT_BUNDLE_IDENTIFIER = kelvinfok.StopWatch;
				PRODUCT_NAME = "$(TARGET_NAME)";
			};
			name = Release;
		};
/* End XCBuildConfiguration section */

/* Begin XCConfigurationList section */
		8D7E4F4A1D34D6AC008E3018 /* Build configuration list for PBXProject "StopWatch" */ = {
			isa = XCConfigurationList;
			buildConfigurations = (
				8D7E4F5F1D34D6AC008E3018 /* Debug */,
				8D7E4F601D34D6AC008E3018 /* Release */,
			);
			defaultConfigurationIsVisible = 0;
			defaultConfigurationName = Release;
		};
		8D7E4F611D34D6AC008E3018 /* Build configuration list for PBXNativeTarget "StopWatch" */ = {
			isa = XCConfigurationList;
			buildConfigurations = (
				8D7E4F621D34D6AC008E3018 /* Debug */,
				8D7E4F631D34D6AC008E3018 /* Release */,
			);
			defaultConfigurationIsVisible = 0;
		};
/* End XCConfigurationList section */
	};
	rootObject = 8D7E4F471D34D6AC008E3018 /* Project object */;
}
